
Microsoft Visual Studio Solution File, Format Version 12.00
# Visual Studio Version 17
VisualStudioVersion = 17.0.32112.339
MinimumVisualStudioVersion = 10.0.40219.1
Project("{FAE04EC0-301F-11D3-BF4B-00C04F79EFBC}") = "Calculadora IMC", "Calculadora IMC.csproj", "{27383A4B-0AA6-4C96-9B1B-593F8ADA07C1}"
EndProject
Global
	GlobalSection(SolutionConfigurationPlatforms) = preSolution
		Debug|Any CPU = Debug|Any CPU
		Release|Any CPU = Release|Any CPU
	EndGlobalSection
	GlobalSection(ProjectConfigurationPlatforms) = postSolution
		{27383A4B-0AA6-4C96-9B1B-593F8ADA07C1}.Debug|Any CPU.ActiveCfg = Debug|Any CPU
		{27383A4B-0AA6-4C96-9B1B-593F8ADA07C1}.Debug|Any CPU.Build.0 = Debug|Any CPU
		{27383A4B-0AA6-4C96-9B1B-593F8ADA07C1}.Release|Any CPU.ActiveCfg = Release|Any CPU
		{27383A4B-0AA6-4C96-9B1B-593F8ADA07C1}.Release|Any CPU.Build.0 = Release|Any CPU
	EndGlobalSection
	GlobalSection(SolutionProperties) = preSolution
		HideSolutionNode = FALSE
	EndGlobalSection
	GlobalSection(ExtensibilityGlobals) = postSolution
		SolutionGuid = {AC9F3FB1-36B1-438A-8CA5-7683DF25B9C3}
	EndGlobalSection
EndGlobal
