
Microsoft Visual Studio Solution File, Format Version 12.00
# Visual Studio Version 17
VisualStudioVersion = 17.1.32421.90
MinimumVisualStudioVersion = 10.0.40219.1
Project("{FAE04EC0-301F-11D3-BF4B-00C04F79EFBC}") = "HilosConsola1", "HilosConsola1.csproj", "{8D48498F-ED10-46D1-86F3-E206AE52303C}"
EndProject
Global
	GlobalSection(SolutionConfigurationPlatforms) = preSolution
		Debug|Any CPU = Debug|Any CPU
		Release|Any CPU = Release|Any CPU
	EndGlobalSection
	GlobalSection(ProjectConfigurationPlatforms) = postSolution
		{8D48498F-ED10-46D1-86F3-E206AE52303C}.Debug|Any CPU.ActiveCfg = Debug|Any CPU
		{8D48498F-ED10-46D1-86F3-E206AE52303C}.Debug|Any CPU.Build.0 = Debug|Any CPU
		{8D48498F-ED10-46D1-86F3-E206AE52303C}.Release|Any CPU.ActiveCfg = Release|Any CPU
		{8D48498F-ED10-46D1-86F3-E206AE52303C}.Release|Any CPU.Build.0 = Release|Any CPU
	EndGlobalSection
	GlobalSection(SolutionProperties) = preSolution
		HideSolutionNode = FALSE
	EndGlobalSection
	GlobalSection(ExtensibilityGlobals) = postSolution
		SolutionGuid = {05F53821-124F-4656-B97F-9BE34E670F14}
	EndGlobalSection
EndGlobal
